{
  "name": "@kyma-project/compass-ui",
  "version": "0.1.0",
  "lockfileVersion": 1,
  "requires": true,
  "dependencies": {
    "@babel/runtime": {
      "version": "7.7.4",
      "resolved": "https://registry.npmjs.org/@babel/runtime/-/runtime-7.7.4.tgz",
      "integrity": "sha512-r24eVUUr0QqNZa+qrImUk8fn5SPhHq+IfYvIoIMg0do3GdK9sMdiLKP3GYVVaxpPKORgm8KRKaNTEhAjgIpLMw==",
      "requires": {
        "regenerator-runtime": "^0.13.2"
      }
    },
    "@kyma-project/luigi-core": {
      "version": "0.6.6",
      "resolved": "https://registry.npmjs.org/@kyma-project/luigi-core/-/luigi-core-0.6.6.tgz",
      "integrity": "sha512-J0CuUi+AvJm7oRWuyM7c216WQuiM0W8+8+zuvsdugnoppTW3VvFvDsNg4uD3MLgAILhl2z8o4ZRZOQzLpc1BHQ=="
    },
    "@restart/hooks": {
      "version": "0.3.19",
      "resolved": "https://registry.npmjs.org/@restart/hooks/-/hooks-0.3.19.tgz",
      "integrity": "sha512-8bskLEkiDvuZztnfGN+vM56q2HQV8dyXS/Eb0nhXPx6fonii3hQLxfNVA2r5NTMbvEkwDo59bAau3idUXaGvww=="
    },
    "@sap-theming/theming-base-content": {
      "version": "11.1.15",
      "resolved": "https://registry.npmjs.org/@sap-theming/theming-base-content/-/theming-base-content-11.1.15.tgz",
      "integrity": "sha512-ndJmLE3CnelEfCo4Ni5XuvM9Ejh5DfFgarYmXkcS1vr+KrZNIcgaijZWFAdB2DKs6jHwln2cYm2ULmjjlhdkcQ=="
    },
    "@sphinxxxx/color-conversion": {
      "version": "2.2.2",
      "resolved": "https://registry.npmjs.org/@sphinxxxx/color-conversion/-/color-conversion-2.2.2.tgz",
      "integrity": "sha512-XExJS3cLqgrmNBIP3bBw6+1oQ1ksGjFh0+oClDKFYpCCqx/hlqwWO5KO/S63fzUo67SxI9dMrF0y5T/Ey7h8Zw=="
    },
    "@types/prop-types": {
      "version": "15.7.3",
      "resolved": "https://registry.npmjs.org/@types/prop-types/-/prop-types-15.7.3.tgz",
      "integrity": "sha512-KfRL3PuHmqQLOG+2tGpRO26Ctg+Cq1E01D2DMriKEATHgWLfeNDmq9e29Q9WIky0dQ3NPkd1mzYH8Lm936Z9qw=="
    },
    "@types/react": {
      "version": "16.9.15",
      "resolved": "https://registry.npmjs.org/@types/react/-/react-16.9.15.tgz",
      "integrity": "sha512-WsmM1b6xQn1tG3X2Hx4F3bZwc2E82pJXt5OPs2YJgg71IzvUoKOSSSYOvLXYCg1ttipM+UuA4Lj3sfvqjVxyZw==",
      "requires": {
        "@types/prop-types": "*",
        "csstype": "^2.2.0"
      }
    },
    "ajv": {
      "version": "6.10.2",
      "resolved": "https://registry.npmjs.org/ajv/-/ajv-6.10.2.tgz",
      "integrity": "sha512-TXtUUEYHuaTEbLZWIKUr5pmBuhDLy+8KYtPYdcV8qC+pOZL+NKqYwvWSRrVXHn+ZmRRAu8vJTAznH7Oag6RVRw==",
      "requires": {
        "fast-deep-equal": "^2.0.1",
        "fast-json-stable-stringify": "^2.0.0",
        "json-schema-traverse": "^0.4.1",
        "uri-js": "^4.2.2"
      }
    },
    "brace": {
      "version": "0.11.1",
      "resolved": "https://registry.npmjs.org/brace/-/brace-0.11.1.tgz",
      "integrity": "sha1-SJb8ydVE7vRfS7dmDbMg07N5/lg="
    },
    "chain-function": {
      "version": "1.0.1",
      "resolved": "https://registry.npmjs.org/chain-function/-/chain-function-1.0.1.tgz",
      "integrity": "sha512-SxltgMwL9uCko5/ZCLiyG2B7R9fY4pDZUw7hJ4MhirdjBLosoDqkWABi3XMucddHdLiFJMb7PD2MZifZriuMTg=="
    },
    "classnames": {
      "version": "2.2.6",
      "resolved": "https://registry.npmjs.org/classnames/-/classnames-2.2.6.tgz",
      "integrity": "sha512-JR/iSQOSt+LQIWwrwEzJ9uk0xfN3mTVYMwt1Ir5mUcSN6pU+V4zQFFaJsclJbPuAUQH+yfWef6tm7l1quW3C8Q=="
    },
    "copy-to-clipboard": {
      "version": "3.2.0",
      "resolved": "https://registry.npmjs.org/copy-to-clipboard/-/copy-to-clipboard-3.2.0.tgz",
      "integrity": "sha512-eOZERzvCmxS8HWzugj4Uxl8OJxa7T2k1Gi0X5qavwydHIfuSHq2dTD09LOg/XyGq4Zpb5IsR/2OJ5lbOegz78w==",
      "requires": {
        "toggle-selection": "^1.0.6"
      }
    },
    "create-react-context": {
      "version": "0.3.0",
      "resolved": "https://registry.npmjs.org/create-react-context/-/create-react-context-0.3.0.tgz",
      "integrity": "sha512-dNldIoSuNSvlTJ7slIKC/ZFGKexBMBrrcc+TTe1NdmROnaASuLPvqpwj9v4XS4uXZ8+YPu0sNmShX2rXI5LNsw==",
      "requires": {
        "gud": "^1.0.0",
        "warning": "^4.0.3"
      }
    },
    "csstype": {
      "version": "2.6.7",
      "resolved": "https://registry.npmjs.org/csstype/-/csstype-2.6.7.tgz",
      "integrity": "sha512-9Mcn9sFbGBAdmimWb2gLVDtFJzeKtDGIr76TUqmjZrw9LFXBMSU70lcs+C0/7fyCd6iBDqmksUcCOUIkisPHsQ=="
    },
    "detect-node": {
      "version": "2.0.4",
      "resolved": "https://registry.npmjs.org/detect-node/-/detect-node-2.0.4.tgz",
      "integrity": "sha512-ZIzRpLJrOj7jjP2miAtgqIfmzbxa4ZOr5jJc601zklsfEx9oTzmmj2nVpIPRpNlRTIh8lc1kyViIY7BWSGNmKw=="
    },
    "diff-match-patch": {
      "version": "1.0.4",
      "resolved": "https://registry.npmjs.org/diff-match-patch/-/diff-match-patch-1.0.4.tgz",
      "integrity": "sha512-Uv3SW8bmH9nAtHKaKSanOQmj2DnlH65fUpcrMdfdaOxUG02QQ4YGZ8AE7kKOMisF7UqvOlGKVYWRvezdncW9lg=="
    },
    "dom-helpers": {
      "version": "5.1.3",
      "resolved": "https://registry.npmjs.org/dom-helpers/-/dom-helpers-5.1.3.tgz",
      "integrity": "sha512-nZD1OtwfWGRBWlpANxacBEZrEuLa16o1nh7YopFWeoF68Zt8GGEmzHu6Xv4F3XaFIC+YXtTLrzgqKxFgLEe4jw==",
      "requires": {
        "@babel/runtime": "^7.6.3",
        "csstype": "^2.6.7"
      }
    },
    "fast-deep-equal": {
      "version": "2.0.1",
      "resolved": "https://registry.npmjs.org/fast-deep-equal/-/fast-deep-equal-2.0.1.tgz",
      "integrity": "sha1-ewUhjd+WZ79/Nwv3/bLLFf3Qqkk="
    },
    "fast-json-stable-stringify": {
      "version": "2.0.0",
      "resolved": "https://registry.npmjs.org/fast-json-stable-stringify/-/fast-json-stable-stringify-2.0.0.tgz",
      "integrity": "sha1-1RQsDK7msRifh9OnYREGT4bIu/I="
    },
    "focus-lock": {
      "version": "0.6.6",
      "resolved": "https://registry.npmjs.org/focus-lock/-/focus-lock-0.6.6.tgz",
      "integrity": "sha512-Dx69IXGCq1qsUExWuG+5wkiMqVM/zGx/reXSJSLogECwp3x6KeNQZ+NAetgxEFpnC41rD8U3+jRCW68+LNzdtw=="
    },
    "fundamental-react": {
      "version": "1.0.0-rc.0",
      "resolved": "https://registry.npmjs.org/fundamental-react/-/fundamental-react-1.0.0-rc.0.tgz",
      "integrity": "sha512-kQ686qoWDW6u6kGexjhTOs7QFh/MzY3yQPCOFch13LCtIzCnDx80YhbOh1TwYeAVzq2cQdHGvP7kNENdvjddbg==",
      "requires": {
        "@babel/runtime": "^7.6.3",
        "chain-function": "^1.0.1",
        "classnames": "^2.2.6",
        "fundamental-styles": "~0.3.0-rc.4",
        "hoist-non-react-statics": "^3.3.0",
        "keycode": "^2.2.0",
        "prop-types": "^15.7.1",
        "react-foco": "^1.3.0",
        "react-focus-lock": "^2.1.1",
        "react-overlays": "^2.1.0",
        "react-popper": "^1.3.3",
        "shortid": "^2.2.14",
        "tabbable": "^4.0.0"
      }
    },
    "fundamental-styles": {
      "version": "0.3.0",
      "resolved": "https://registry.npmjs.org/fundamental-styles/-/fundamental-styles-0.3.0.tgz",
      "integrity": "sha512-uiGY04wgWl7XpsfuIg9ktdvmy5KhD4NrpaHKIRjRXE+D1xZUb1xdMDR9jNRegmvAGPIjkxny7kBV/AjYEpcP0A==",
      "requires": {
        "@sap-theming/theming-base-content": "^11.1.10"
      }
    },
    "gud": {
      "version": "1.0.0",
      "resolved": "https://registry.npmjs.org/gud/-/gud-1.0.0.tgz",
      "integrity": "sha512-zGEOVKFM5sVPPrYs7J5/hYEw2Pof8KCyOwyhG8sAF26mCAeUFAcYPu1mwB7hhpIP29zOIBaDqwuHdLp0jvZXjw=="
    },
    "hoist-non-react-statics": {
      "version": "3.3.1",
      "resolved": "https://registry.npmjs.org/hoist-non-react-statics/-/hoist-non-react-statics-3.3.1.tgz",
      "integrity": "sha512-wbg3bpgA/ZqWrZuMOeJi8+SKMhr7X9TesL/rXMjTzh0p0JUBo3II8DHboYbuIXWRlttrUFxwcu/5kygrCw8fJw==",
      "requires": {
        "react-is": "^16.7.0"
      }
    },
    "invariant": {
      "version": "2.2.4",
      "resolved": "https://registry.npmjs.org/invariant/-/invariant-2.2.4.tgz",
      "integrity": "sha512-phJfQVBuaJM5raOpJjSfkiD6BpbCE4Ns//LaXl6wGYtUBY83nWS6Rf9tXm2e8VaK60JEjYldbPif/A2B1C2gNA==",
      "requires": {
        "loose-envify": "^1.0.0"
      }
    },
    "javascript-natural-sort": {
      "version": "0.7.1",
      "resolved": "https://registry.npmjs.org/javascript-natural-sort/-/javascript-natural-sort-0.7.1.tgz",
      "integrity": "sha1-+eIwPUUH9tdDVac2ZNFED7Wg71k="
    },
    "jmespath": {
      "version": "0.15.0",
      "resolved": "https://registry.npmjs.org/jmespath/-/jmespath-0.15.0.tgz",
      "integrity": "sha1-o/Iiqarp+Wb10nx5ZRDigJF2Qhc="
    },
    "js-tokens": {
      "version": "4.0.0",
      "resolved": "https://registry.npmjs.org/js-tokens/-/js-tokens-4.0.0.tgz",
      "integrity": "sha512-RdJUflcE3cUzKiMqQgsCu06FPu9UdIJO0beYbPhHN4k6apgJtifcoCtT9bcxOpYBtpD2kCM6Sbzg4CausW/PKQ=="
    },
    "json-schema-traverse": {
      "version": "0.4.1",
      "resolved": "https://registry.npmjs.org/json-schema-traverse/-/json-schema-traverse-0.4.1.tgz",
      "integrity": "sha512-xbbCH5dCYU5T8LcEhhuh7HJ88HXuW3qsI3Y0zOZFKfZEHcpWiHU/Jxzk629Brsab/mMiHQti9wMP+845RPe3Vg=="
    },
    "json-source-map": {
      "version": "0.6.1",
      "resolved": "https://registry.npmjs.org/json-source-map/-/json-source-map-0.6.1.tgz",
      "integrity": "sha512-1QoztHPsMQqhDq0hlXY5ZqcEdUzxQEIxgFkKl4WUp2pgShObl+9ovi4kRh2TfvAfxAoHOJ9vIMEqk3k4iex7tg=="
    },
    "jsoneditor": {
      "version": "6.4.1",
      "resolved": "https://registry.npmjs.org/jsoneditor/-/jsoneditor-6.4.1.tgz",
      "integrity": "sha512-7CqAArWS3tWF15JsRLeq8PWZq8jQ6Ycg2QDVi6YtqaURPf1UnxpfycI0EojClQrRxCULTOiprFSfJMpQkbquBQ==",
      "requires": {
        "ajv": "6.10.2",
        "brace": "0.11.1",
        "javascript-natural-sort": "0.7.1",
        "jmespath": "0.15.0",
        "json-source-map": "0.6.1",
        "mobius1-selectr": "2.4.13",
        "picomodal": "3.0.0",
        "vanilla-picker": "2.9.2"
      }
    },
    "keycode": {
      "version": "2.2.0",
      "resolved": "https://registry.npmjs.org/keycode/-/keycode-2.2.0.tgz",
      "integrity": "sha1-PQr1bce4uOXLqNCpfxByBO7CKwQ="
    },
    "lodash.get": {
      "version": "4.4.2",
      "resolved": "https://registry.npmjs.org/lodash.get/-/lodash.get-4.4.2.tgz",
      "integrity": "sha1-LRd/ZS+jHpObRDjVNBSZ36OCXpk="
    },
    "lodash.isequal": {
      "version": "4.5.0",
      "resolved": "https://registry.npmjs.org/lodash.isequal/-/lodash.isequal-4.5.0.tgz",
      "integrity": "sha1-QVxEePK8wwEgwizhDtMib30+GOA="
    },
    "loose-envify": {
      "version": "1.4.0",
      "resolved": "https://registry.npmjs.org/loose-envify/-/loose-envify-1.4.0.tgz",
      "integrity": "sha512-lyuxPGr/Wfhrlem2CL/UcnUc1zcqKAImBDzukY7Y5F/yQiNdko6+fRLevlw1HgMySw7f611UIY408EtxRSoK3Q==",
      "requires": {
        "js-tokens": "^3.0.0 || ^4.0.0"
      }
    },
    "mobius1-selectr": {
      "version": "2.4.13",
      "resolved": "https://registry.npmjs.org/mobius1-selectr/-/mobius1-selectr-2.4.13.tgz",
      "integrity": "sha512-Mk9qDrvU44UUL0EBhbAA1phfQZ7aMZPjwtL7wkpiBzGh8dETGqfsh50mWoX9EkjDlkONlErWXArHCKfoxVg0Bw=="
    },
    "nanoid": {
      "version": "2.1.7",
      "resolved": "https://registry.npmjs.org/nanoid/-/nanoid-2.1.7.tgz",
      "integrity": "sha512-fmS3qwDldm4bE01HCIRqNk+f255CNjnAoeV3Zzzv0KemObHKqYgirVaZA9DtKcjogicWjYcHkJs4D5A8CjnuVQ=="
    },
    "ncp": {
      "version": "2.0.0",
      "resolved": "https://registry.npmjs.org/ncp/-/ncp-2.0.0.tgz",
      "integrity": "sha1-GVoh1sRuNh0vsSgbo4uR6d9727M=",
      "dev": true
    },
    "node-fetch": {
      "version": "2.6.0",
      "resolved": "https://registry.npmjs.org/node-fetch/-/node-fetch-2.6.0.tgz",
      "integrity": "sha512-8dG4H5ujfvFiqDmVu9fQ5bOHUC15JMjMY/Zumv26oOvvVJjM67KF8koCWIabKQ1GJIa9r2mMZscBq/TbdOcmNA==",
      "dev": true
    },
    "object-assign": {
      "version": "4.1.1",
      "resolved": "https://registry.npmjs.org/object-assign/-/object-assign-4.1.1.tgz",
      "integrity": "sha1-IQmtx5ZYh8/AXLvUQsrIv7s2CGM="
    },
    "picomodal": {
      "version": "3.0.0",
      "resolved": "https://registry.npmjs.org/picomodal/-/picomodal-3.0.0.tgz",
      "integrity": "sha1-+s0w9PvzSoCcHgTqUl8ATzmcC4I="
    },
    "popper.js": {
      "version": "1.16.0",
      "resolved": "https://registry.npmjs.org/popper.js/-/popper.js-1.16.0.tgz",
      "integrity": "sha512-+G+EkOPoE5S/zChTpmBSSDYmhXJ5PsW8eMhH8cP/CQHMFPBG/kC9Y5IIw6qNYgdJ+/COf0ddY2li28iHaZRSjw=="
    },
    "prop-types": {
      "version": "15.7.2",
      "resolved": "https://registry.npmjs.org/prop-types/-/prop-types-15.7.2.tgz",
      "integrity": "sha512-8QQikdH7//R2vurIJSutZ1smHYTcLpRWEOlHnzcWHmBYrOGUysKwSsrC89BCiFj3CbrfJ/nXFdJepOVrY1GCHQ==",
      "requires": {
        "loose-envify": "^1.4.0",
        "object-assign": "^4.1.1",
        "react-is": "^16.8.1"
      }
    },
    "punycode": {
      "version": "2.1.1",
      "resolved": "https://registry.npmjs.org/punycode/-/punycode-2.1.1.tgz",
      "integrity": "sha512-XRsRjdf+j5ml+y/6GKHPZbrF/8p2Yga0JPtdqTIY2Xe5ohJPD9saDJJLPvp9+NSBprVvevdXZybnj2cv8OEd0A=="
    },
    "react-ace": {
      "version": "7.0.4",
      "resolved": "https://registry.npmjs.org/react-ace/-/react-ace-7.0.4.tgz",
      "integrity": "sha512-Otk0c2aLr1ZqPQaUEONc4UGAEA/h/P7vAUPLHbEPUVFX67G8Ke6yoe390AQun3NlWdNvpVZ/N7lOJHz0yUl6Fg==",
      "requires": {
        "brace": "^0.11.1",
        "diff-match-patch": "^1.0.4",
        "lodash.get": "^4.4.2",
        "lodash.isequal": "^4.5.0",
        "prop-types": "^15.7.2"
      }
    },
    "react-clientside-effect": {
      "version": "1.2.2",
      "resolved": "https://registry.npmjs.org/react-clientside-effect/-/react-clientside-effect-1.2.2.tgz",
      "integrity": "sha512-nRmoyxeok5PBO6ytPvSjKp9xwXg9xagoTK1mMjwnQxqM9Hd7MNPl+LS1bOSOe+CV2+4fnEquc7H/S8QD3q697A==",
      "requires": {
        "@babel/runtime": "^7.0.0"
      }
    },
    "react-foco": {
      "version": "1.3.1",
      "resolved": "https://registry.npmjs.org/react-foco/-/react-foco-1.3.1.tgz",
      "integrity": "sha512-Wyzgs3wBFKuWnIHb7SGG+ARFB74TGk8b/jKvHBKoHCcspVHQL5S9OVgnGfNk0U92QetEFL5/3kNaZBX4AFTqVw=="
    },
    "react-focus-lock": {
      "version": "2.2.1",
      "resolved": "https://registry.npmjs.org/react-focus-lock/-/react-focus-lock-2.2.1.tgz",
      "integrity": "sha512-47g0xYcCTZccdzKRGufepY8oZ3W1Qg+2hn6u9SHZ0zUB6uz/4K4xJe7yYFNZ1qT6m+2JDm82F6QgKeBTbjW4PQ==",
      "requires": {
        "@babel/runtime": "^7.0.0",
        "focus-lock": "^0.6.6",
        "prop-types": "^15.6.2",
        "react-clientside-effect": "^1.2.2",
        "use-callback-ref": "^1.2.1",
        "use-sidecar": "^1.0.1"
      }
    },
    "react-is": {
      "version": "16.10.2",
      "resolved": "https://registry.npmjs.org/react-is/-/react-is-16.10.2.tgz",
      "integrity": "sha512-INBT1QEgtcCCgvccr5/86CfD71fw9EPmDxgiJX4I2Ddr6ZsV6iFXsuby+qWJPtmNuMY0zByTsG4468P7nHuNWA=="
    },
    "react-lifecycles-compat": {
      "version": "3.0.4",
      "resolved": "https://registry.npmjs.org/react-lifecycles-compat/-/react-lifecycles-compat-3.0.4.tgz",
      "integrity": "sha512-fBASbA6LnOU9dOU2eW7aQ8xmYBSXUIWr+UmF9b1efZBazGNO+rcXT/icdKnYm2pTwcRylVUYwW7H1PHfLekVzA=="
    },
    "react-overlays": {
      "version": "2.1.0",
      "resolved": "https://registry.npmjs.org/react-overlays/-/react-overlays-2.1.0.tgz",
      "integrity": "sha512-tHPGTZosbQSo82yb9x4YCsmJJtspKvAPL5kXVnyoB2Z5UoAU3VetIuh2VblfVT408us5nLJd9uDtwI3xWDHS6w==",
      "requires": {
        "@babel/runtime": "^7.4.5",
        "@restart/hooks": "^0.3.12",
        "dom-helpers": "^5.1.0",
        "popper.js": "^1.15.0",
        "prop-types": "^15.7.2",
        "uncontrollable": "^7.0.0",
        "warning": "^4.0.3"
      }
    },
    "react-popper": {
      "version": "1.3.6",
      "resolved": "https://registry.npmjs.org/react-popper/-/react-popper-1.3.6.tgz",
      "integrity": "sha512-kLTfa9z8n+0jJvRVal9+vIuirg41rObg4Bbrvv/ZfsGPQDN9reyVVSxqnHF1ZNgXgV7x11PeUfd5ItF8DZnqhg==",
      "requires": {
        "@babel/runtime": "^7.1.2",
        "create-react-context": "^0.3.0",
        "popper.js": "^1.14.4",
        "prop-types": "^15.6.1",
        "typed-styles": "^0.0.7",
        "warning": "^4.0.2"
      }
    },
    "regenerator-runtime": {
      "version": "0.13.3",
      "resolved": "https://registry.npmjs.org/regenerator-runtime/-/regenerator-runtime-0.13.3.tgz",
      "integrity": "sha512-naKIZz2GQ8JWh///G7L3X6LaQUAMp2lvb1rvwwsURe/VXwD6VMfr+/1NuNw3ag8v2kY1aQ/go5SNn79O9JU7yw=="
    },
    "sax": {
      "version": "1.2.4",
      "resolved": "https://registry.npmjs.org/sax/-/sax-1.2.4.tgz",
      "integrity": "sha512-NqVDv9TpANUjFm0N8uM5GxL36UgKi9/atZw+x7YFnQ8ckwFGKrl4xX4yWtrey3UJm5nP1kUbnYgLopqWNSRhWw=="
    },
    "shortid": {
      "version": "2.2.15",
      "resolved": "https://registry.npmjs.org/shortid/-/shortid-2.2.15.tgz",
      "integrity": "sha512-5EaCy2mx2Jgc/Fdn9uuDuNIIfWBpzY4XIlhoqtXF6qsf+/+SGZ+FxDdX/ZsMZiWupIWNqAEmiNY4RC+LSmCeOw==",
      "requires": {
        "nanoid": "^2.1.0"
      }
    },
    "tabbable": {
      "version": "4.0.0",
      "resolved": "https://registry.npmjs.org/tabbable/-/tabbable-4.0.0.tgz",
      "integrity": "sha512-H1XoH1URcBOa/rZZWxLxHCtOdVUEev+9vo5YdYhC9tCY4wnybX+VQrCYuy9ubkg69fCBxCONJOSLGfw0DWMffQ=="
    },
    "toggle-selection": {
      "version": "1.0.6",
      "resolved": "https://registry.npmjs.org/toggle-selection/-/toggle-selection-1.0.6.tgz",
      "integrity": "sha1-bkWxJj8gF/oKzH2J14sVuL932jI="
    },
    "tslib": {
      "version": "1.10.0",
      "resolved": "https://registry.npmjs.org/tslib/-/tslib-1.10.0.tgz",
      "integrity": "sha512-qOebF53frne81cf0S9B41ByenJ3/IuH8yJKngAX35CmiZySA0khhkovshKK+jGCaMnVomla7gVlIcc3EvKPbTQ=="
    },
    "typed-styles": {
      "version": "0.0.7",
      "resolved": "https://registry.npmjs.org/typed-styles/-/typed-styles-0.0.7.tgz",
      "integrity": "sha512-pzP0PWoZUhsECYjABgCGQlRGL1n7tOHsgwYv3oIiEpJwGhFTuty/YNeduxQYzXXa3Ge5BdT6sHYIQYpl4uJ+5Q=="
    },
    "uncontrollable": {
      "version": "7.1.1",
      "resolved": "https://registry.npmjs.org/uncontrollable/-/uncontrollable-7.1.1.tgz",
      "integrity": "sha512-EcPYhot3uWTS3w00R32R2+vS8Vr53tttrvMj/yA1uYRhf8hbTG2GyugGqWDY0qIskxn0uTTojVd6wPYW9ZEf8Q==",
      "requires": {
        "@babel/runtime": "^7.6.3",
        "@types/react": "^16.9.11",
        "invariant": "^2.2.4",
        "react-lifecycles-compat": "^3.0.4"
      }
    },
    "uri-js": {
      "version": "4.2.2",
      "resolved": "https://registry.npmjs.org/uri-js/-/uri-js-4.2.2.tgz",
      "integrity": "sha512-KY9Frmirql91X2Qgjry0Wd4Y+YTdrdZheS8TFwvkbLWf/G5KNJDCh6pKL5OZctEW4+0Baa5idK2ZQuELRwPznQ==",
      "requires": {
        "punycode": "^2.1.0"
      }
    },
    "use-callback-ref": {
      "version": "1.2.1",
      "resolved": "https://registry.npmjs.org/use-callback-ref/-/use-callback-ref-1.2.1.tgz",
      "integrity": "sha512-C3nvxh0ZpaOxs9RCnWwAJ+7bJPwQI8LHF71LzbQ3BvzH5XkdtlkMadqElGevg5bYBDFip4sAnD4m06zAKebg1w=="
    },
    "use-sidecar": {
      "version": "1.0.2",
      "resolved": "https://registry.npmjs.org/use-sidecar/-/use-sidecar-1.0.2.tgz",
      "integrity": "sha512-287RZny6m5KNMTb/Kq9gmjafi7lQL0YHO1lYolU6+tY1h9+Z3uCtkJJ3OSOq3INwYf2hBryCcDh4520AhJibMA==",
      "requires": {
        "detect-node": "^2.0.4",
        "tslib": "^1.9.3"
      }
    },
    "vanilla-picker": {
      "version": "2.9.2",
      "resolved": "https://registry.npmjs.org/vanilla-picker/-/vanilla-picker-2.9.2.tgz",
      "integrity": "sha512-/VvbdCFno9jhOsqK8IVj7Jg6Cst5jeRdP9OWJo5H8R6s34mx/rTZFViucvUWyunbSML97C9SuIGZkRWEWjm3zg==",
      "requires": {
        "@sphinxxxx/color-conversion": "^2.2.1"
      }
    },
    "warning": {
      "version": "4.0.3",
      "resolved": "https://registry.npmjs.org/warning/-/warning-4.0.3.tgz",
      "integrity": "sha512-rpJyN222KWIvHJ/F53XSZv0Zl/accqHR8et1kpaMTD/fLCRxtV8iX8czMzY7sVZupTI3zcUTg8eycS2kNF9l6w==",
      "requires": {
        "loose-envify": "^1.0.0"
      }
    },
    "xml-js": {
      "version": "1.6.11",
      "resolved": "https://registry.npmjs.org/xml-js/-/xml-js-1.6.11.tgz",
      "integrity": "sha512-7rVi2KMfwfWFl+GpPg6m80IVMWXLRjO+PxTq7V2CDhoGak0wzYzFgUY2m4XJ47OGdXd8eLE8EmwfAmdjw7lC1g==",
      "requires": {
        "sax": "^1.2.4"
      }
    }
  }
}
