{
  "name": "service-catalog-ui",
  "version": "0.1.0",
  "lockfileVersion": 1,
  "requires": true,
  "dependencies": {
    "react-create-component-from-tag-prop": {
      "version": "1.4.0",
      "resolved": "https://registry.npmjs.org/react-create-component-from-tag-prop/-/react-create-component-from-tag-prop-1.4.0.tgz",
      "integrity": "sha512-4H4T7FI9Z+kqPlFQ7npE2AkD4d4kzlaElBvYd8Ckuh+HJt8QSuhz48SGf+Dgn4EjZRGtuJBbv+3seESz+HPLLg=="
    },
    "styled-components-breakpoint": {
      "version": "2.1.1",
      "resolved": "https://registry.npmjs.org/styled-components-breakpoint/-/styled-components-breakpoint-2.1.1.tgz",
      "integrity": "sha512-PkS7p3MkPJx/v930Q3MPJU8llfFJTxk8o009jl0p+OUFmVb2AlHmVclX1MBHSXk8sZYGoVTTVIPDuZCELi7QIg=="
    },
    "styled-components-grid": {
      "version": "2.2.2",
      "resolved": "https://registry.npmjs.org/styled-components-grid/-/styled-components-grid-2.2.2.tgz",
      "integrity": "sha512-9JwyDIHrM+57LfShnkxTtVyDqtakvUDcDEp3RkTndWqKXfiAblOrQnh66CvS6vq7RV9b6d7pCtrcm8y/of/IbA==",
      "requires": {
        "react-create-component-from-tag-prop": "^1.4.0",
        "styled-components-breakpoint": "^2.0.2"
      }
    }
  }
}
