{
  "name": "@kyma-project/core-ui",
  "version": "0.1.0",
  "lockfileVersion": 1,
  "requires": true,
  "dependencies": {
    "@kyma-project/luigi-core": {
      "version": "0.6.6",
      "resolved": "https://registry.npmjs.org/@kyma-project/luigi-core/-/luigi-core-0.6.6.tgz",
      "integrity": "sha512-J0CuUi+AvJm7oRWuyM7c216WQuiM0W8+8+zuvsdugnoppTW3VvFvDsNg4uD3MLgAILhl2z8o4ZRZOQzLpc1BHQ=="
    },
    "core-js": {
      "version": "3.2.1",
      "resolved": "https://registry.npmjs.org/core-js/-/core-js-3.2.1.tgz",
      "integrity": "sha512-Qa5XSVefSVPRxy2XfUC13WbvqkxhkwB3ve+pgCQveNgYzbM/UxZeu1dcOX/xr4UmfUd+muuvsaxilQzCyUurMw==",
      "dev": true
    }
  }
}
