{
  "name": "@kyma-project/core-ui",
  "version": "0.1.0",
  "lockfileVersion": 2,
  "requires": true,
  "packages": {
    "": {
      "name": "@kyma-project/core-ui",
      "version": "0.1.0",
      "dependencies": {
        "@datasert/cronjs-parser": "^1.1.0",
        "@peculiar/x509": "^1.6.0",
        "@sentry/react": "^6.17.4",
        "bytes-iec": "^3.1.0",
        "core-js": "^3.21.1",
        "cronstrue": "^1.114.0",
        "didyoumean": "^1.2.2",
        "dompurify": "^2.0.8",
        "lodash-es": "^4.17.21",
        "pako": "^2.0.4",
        "react": "../node_modules/react",
        "react-hook-form": "^6.0.0",
        "use-debounce": "^7.0.1",
        "yup": "^0.28.3"
      },
      "devDependencies": {
        "babel-polyfill": "^6.26.0"
      }
    },
    "../node_modules/react": {
      "version": "17.0.2",
      "license": "MIT",
      "dependencies": {
        "loose-envify": "^1.1.0",
        "object-assign": "^4.1.1"
      },
      "engines": {
        "node": ">=0.10.0"
      }
    },
    "node_modules/@babel/runtime": {
      "version": "7.17.0",
      "resolved": "https://registry.npmjs.org/@babel/runtime/-/runtime-7.17.0.tgz",
      "integrity": "sha512-etcO/ohMNaNA2UBdaXBBSX/3aEzFMRrVfaPv8Ptc0k+cWpWW0QFiGZ2XnVqQZI1Cf734LbPGmqBKWESfW4x/dQ==",
      "dependencies": {
        "regenerator-runtime": "^0.13.4"
      },
      "engines": {
        "node": ">=6.9.0"
      }
    },
    "node_modules/@datasert/cronjs-parser": {
      "version": "1.2.0",
      "resolved": "https://registry.npmjs.org/@datasert/cronjs-parser/-/cronjs-parser-1.2.0.tgz",
      "integrity": "sha512-7kzYh7F5V3ElX+k3W9w6SKS6WdjqJQ2gIY1y0evldnjAwZxnFzR/Yu9Mv9OeDaCQX+mGAq2MvEnJbwu9oj3CXQ=="
    },
    "node_modules/@peculiar/asn1-cms": {
      "version": "2.0.44",
      "resolved": "https://registry.npmjs.org/@peculiar/asn1-cms/-/asn1-cms-2.0.44.tgz",
      "integrity": "sha512-CzjCz8VZqG2jqRI/4YKCk3D9WS8V9cezt0tftWT5zmYxeZvAWOmtInj013zSooHEn1Oi65rzdDZ1m+wgascmiw==",
      "dependencies": {
        "@peculiar/asn1-schema": "^2.0.44",
        "@peculiar/asn1-x509": "^2.0.44",
        "@peculiar/asn1-x509-attr": "^2.0.44",
        "asn1js": "^2.1.1",
        "tslib": "^2.3.0"
      }
    },
    "node_modules/@peculiar/asn1-csr": {
      "version": "2.0.44",
      "resolved": "https://registry.npmjs.org/@peculiar/asn1-csr/-/asn1-csr-2.0.44.tgz",
      "integrity": "sha512-9FG9ySzLyYIlk/W3o/mpE+ukn/XMokv+BysqyhNGifUet362slp+uF4XliKGLt53TO53uYCsQimVyTK4vwe/yg==",
      "dependencies": {
        "@peculiar/asn1-schema": "^2.0.44",
        "@peculiar/asn1-x509": "^2.0.44",
        "asn1js": "^2.1.1",
        "tslib": "^2.3.0"
      }
    },
    "node_modules/@peculiar/asn1-ecc": {
      "version": "2.0.44",
      "resolved": "https://registry.npmjs.org/@peculiar/asn1-ecc/-/asn1-ecc-2.0.44.tgz",
      "integrity": "sha512-GvfifE5xCZjEz9EsOl9gqTVgex9m7ATLloTaSE3Go+iG8bc7C/VDK8lOnFb3/UsCqfI46Gwh4Q3RQCP2JB3GDQ==",
      "dependencies": {
        "@peculiar/asn1-schema": "^2.0.44",
        "@peculiar/asn1-x509": "^2.0.44",
        "asn1js": "^2.1.1",
        "tslib": "^2.3.0"
      }
    },
    "node_modules/@peculiar/asn1-pfx": {
      "version": "2.0.44",
      "resolved": "https://registry.npmjs.org/@peculiar/asn1-pfx/-/asn1-pfx-2.0.44.tgz",
      "integrity": "sha512-rVsGoZWMtensS9+AEtU97cImHXEu+Oi6K31/EzzzdqfUx/aF49RYCVKOyuCjUg5cwIOE93WsNm0hQFYB2pYwVQ==",
      "dependencies": {
        "@peculiar/asn1-cms": "^2.0.44",
        "@peculiar/asn1-pkcs8": "^2.0.44",
        "@peculiar/asn1-rsa": "^2.0.44",
        "@peculiar/asn1-schema": "^2.0.44",
        "asn1js": "^2.1.1",
        "tslib": "^2.3.0"
      }
    },
    "node_modules/@peculiar/asn1-pkcs8": {
      "version": "2.0.44",
      "resolved": "https://registry.npmjs.org/@peculiar/asn1-pkcs8/-/asn1-pkcs8-2.0.44.tgz",
      "integrity": "sha512-cs/zGEv/6Jxx14tZ6NS82PNJFMCb4aFOiAFzv+I1I1ud7o5wyDGOOAIiIs4vI+Z6xtkoSyF+hWH51kRutdFV4A==",
      "dependencies": {
        "@peculiar/asn1-schema": "^2.0.44",
        "@peculiar/asn1-x509": "^2.0.44",
        "asn1js": "^2.1.1",
        "tslib": "^2.3.0"
      }
    },
    "node_modules/@peculiar/asn1-pkcs9": {
      "version": "2.0.44",
      "resolved": "https://registry.npmjs.org/@peculiar/asn1-pkcs9/-/asn1-pkcs9-2.0.44.tgz",
      "integrity": "sha512-b54VRWsM5NdIOlSuBbfBeximwVQIHcUoUdx10mHM6QuvZlXKciVP/nkerxg0ytQzC5BvPbohfYuiq46gYCPZSA==",
      "dependencies": {
        "@peculiar/asn1-cms": "^2.0.44",
        "@peculiar/asn1-pfx": "^2.0.44",
        "@peculiar/asn1-pkcs8": "^2.0.44",
        "@peculiar/asn1-schema": "^2.0.44",
        "@peculiar/asn1-x509": "^2.0.44",
        "@peculiar/asn1-x509-attr": "^2.0.44",
        "asn1js": "^2.1.1",
        "tslib": "^2.3.0"
      }
    },
    "node_modules/@peculiar/asn1-rsa": {
      "version": "2.0.44",
      "resolved": "https://registry.npmjs.org/@peculiar/asn1-rsa/-/asn1-rsa-2.0.44.tgz",
      "integrity": "sha512-DYfo33Yl3y4Bu8V0RrAhKBZJDy1ESEGQzKVl7DxCUJna164/U/JB767W9ze0Vlq7quTawUJLMX3RRfesEFGigA==",
      "dependencies": {
        "@peculiar/asn1-schema": "^2.0.44",
        "@peculiar/asn1-x509": "^2.0.44",
        "asn1js": "^2.1.1",
        "tslib": "^2.3.0"
      }
    },
    "node_modules/@peculiar/asn1-schema": {
      "version": "2.0.44",
      "resolved": "https://registry.npmjs.org/@peculiar/asn1-schema/-/asn1-schema-2.0.44.tgz",
      "integrity": "sha512-uaCnjQ9A9WwQSMuDJcNOCYEPXTahgKbFMvI7eMOMd8lXgx0J1eU7F3BoMsK5PFxa3dVUxjSQbaOjfgGoeHGgoQ==",
      "dependencies": {
        "@types/asn1js": "^2.0.2",
        "asn1js": "^2.1.1",
        "pvtsutils": "^1.2.1",
        "tslib": "^2.3.0"
      }
    },
    "node_modules/@peculiar/asn1-x509": {
      "version": "2.0.44",
      "resolved": "https://registry.npmjs.org/@peculiar/asn1-x509/-/asn1-x509-2.0.44.tgz",
      "integrity": "sha512-jKGy+7Ew1PADjzInblBaQWVdh9kTiy49lkTko/MiYg5lHyCi/N9xPtQCuincpY1UeNPwXaeoT2DXRJOuN6U/8A==",
      "dependencies": {
        "@peculiar/asn1-schema": "^2.0.44",
        "asn1js": "^2.1.1",
        "ipaddr.js": "^2.0.1",
        "pvtsutils": "^1.2.1",
        "tslib": "^2.3.0"
      }
    },
    "node_modules/@peculiar/asn1-x509-attr": {
      "version": "2.0.44",
      "resolved": "https://registry.npmjs.org/@peculiar/asn1-x509-attr/-/asn1-x509-attr-2.0.44.tgz",
      "integrity": "sha512-mYyf1fMT1JVrmPInjqVC3O2Vm3LBm7sd75Mg2hKB0A/zPKIYZ5WRz396lliucHagg17PalMjDOxtIQFOqs1WGg==",
      "dependencies": {
        "@peculiar/asn1-schema": "^2.0.44",
        "@peculiar/asn1-x509": "^2.0.44",
        "asn1js": "^2.1.1",
        "tslib": "^2.3.0"
      }
    },
    "node_modules/@peculiar/x509": {
      "version": "1.6.1",
      "resolved": "https://registry.npmjs.org/@peculiar/x509/-/x509-1.6.1.tgz",
      "integrity": "sha512-C4oxpCuYasfjuhy6QRFJhs0R6gyeQSRsB7MsT6JkO3qaFi4b75mm8hNEKa+sIJPtTjXCC94tW9rHx1hw5dOvnQ==",
      "dependencies": {
        "@peculiar/asn1-cms": "^2.0.44",
        "@peculiar/asn1-csr": "^2.0.44",
        "@peculiar/asn1-ecc": "^2.0.44",
        "@peculiar/asn1-pkcs9": "^2.0.44",
        "@peculiar/asn1-rsa": "^2.0.44",
        "@peculiar/asn1-schema": "^2.0.44",
        "@peculiar/asn1-x509": "^2.0.44",
        "pvtsutils": "^1.2.1",
        "reflect-metadata": "^0.1.13",
        "tslib": "^2.3.1",
        "tsyringe": "^4.6.0"
      }
    },
    "node_modules/@sentry/browser": {
      "version": "6.17.4",
      "resolved": "https://registry.npmjs.org/@sentry/browser/-/browser-6.17.4.tgz",
      "integrity": "sha512-ezLZ/FP2ZJPPemzGKMiu8RCHvuRYfDYXbkQb9KhUbpylJokL4GSRZHy8EYkcHugnvAiov7p8cdj7QgOZQPDAgw==",
      "dependencies": {
        "@sentry/core": "6.17.4",
        "@sentry/types": "6.17.4",
        "@sentry/utils": "6.17.4",
        "tslib": "^1.9.3"
      },
      "engines": {
        "node": ">=6"
      }
    },
    "node_modules/@sentry/browser/node_modules/tslib": {
      "version": "1.14.1",
      "resolved": "https://registry.npmjs.org/tslib/-/tslib-1.14.1.tgz",
      "integrity": "sha512-Xni35NKzjgMrwevysHTCArtLDpPvye8zV/0E4EyYn43P7/7qvQwPh9BGkHewbMulVntbigmcT7rdX3BNo9wRJg=="
    },
    "node_modules/@sentry/core": {
      "version": "6.17.4",
      "resolved": "https://registry.npmjs.org/@sentry/core/-/core-6.17.4.tgz",
      "integrity": "sha512-7QFgw+I9YK/X1Gie0c7phwT5pHMow66UCXHzDzHR2aK/0X3Lhn8OWlcGjIt5zmiBK/LHwNfQBNMskbktbYHgdA==",
      "dependencies": {
        "@sentry/hub": "6.17.4",
        "@sentry/minimal": "6.17.4",
        "@sentry/types": "6.17.4",
        "@sentry/utils": "6.17.4",
        "tslib": "^1.9.3"
      },
      "engines": {
        "node": ">=6"
      }
    },
    "node_modules/@sentry/core/node_modules/tslib": {
      "version": "1.14.1",
      "resolved": "https://registry.npmjs.org/tslib/-/tslib-1.14.1.tgz",
      "integrity": "sha512-Xni35NKzjgMrwevysHTCArtLDpPvye8zV/0E4EyYn43P7/7qvQwPh9BGkHewbMulVntbigmcT7rdX3BNo9wRJg=="
    },
    "node_modules/@sentry/hub": {
      "version": "6.17.4",
      "resolved": "https://registry.npmjs.org/@sentry/hub/-/hub-6.17.4.tgz",
      "integrity": "sha512-6+EvPcrPCwUmayeieIpm1ZrRNWriqMHWZFyw+MzunFLgG8IH8G45cJU1zNnTY9Jwwg4sFIS9xrHy3AOkctnIGw==",
      "dependencies": {
        "@sentry/types": "6.17.4",
        "@sentry/utils": "6.17.4",
        "tslib": "^1.9.3"
      },
      "engines": {
        "node": ">=6"
      }
    },
    "node_modules/@sentry/hub/node_modules/tslib": {
      "version": "1.14.1",
      "resolved": "https://registry.npmjs.org/tslib/-/tslib-1.14.1.tgz",
      "integrity": "sha512-Xni35NKzjgMrwevysHTCArtLDpPvye8zV/0E4EyYn43P7/7qvQwPh9BGkHewbMulVntbigmcT7rdX3BNo9wRJg=="
    },
    "node_modules/@sentry/minimal": {
      "version": "6.17.4",
      "resolved": "https://registry.npmjs.org/@sentry/minimal/-/minimal-6.17.4.tgz",
      "integrity": "sha512-p1A8UTtRt7bhV4ygu7yDNCannFr9E9dmqgeZWC7HrrTfygcnhNRFvTXTj92wEb0bFKuZr67wPSKnoXlkqkGxsw==",
      "dependencies": {
        "@sentry/hub": "6.17.4",
        "@sentry/types": "6.17.4",
        "tslib": "^1.9.3"
      },
      "engines": {
        "node": ">=6"
      }
    },
    "node_modules/@sentry/minimal/node_modules/tslib": {
      "version": "1.14.1",
      "resolved": "https://registry.npmjs.org/tslib/-/tslib-1.14.1.tgz",
      "integrity": "sha512-Xni35NKzjgMrwevysHTCArtLDpPvye8zV/0E4EyYn43P7/7qvQwPh9BGkHewbMulVntbigmcT7rdX3BNo9wRJg=="
    },
    "node_modules/@sentry/react": {
      "version": "6.17.4",
      "resolved": "https://registry.npmjs.org/@sentry/react/-/react-6.17.4.tgz",
      "integrity": "sha512-MNS207wkjhUOLmbqvvtObLwTmT0+lBT0r9IAC1rSyzfrlS3teUEn36ycg0wP7S32VDkqM8kic6yQHCzCIAvj8A==",
      "dependencies": {
        "@sentry/browser": "6.17.4",
        "@sentry/minimal": "6.17.4",
        "@sentry/types": "6.17.4",
        "@sentry/utils": "6.17.4",
        "hoist-non-react-statics": "^3.3.2",
        "tslib": "^1.9.3"
      },
      "engines": {
        "node": ">=6"
      },
      "peerDependencies": {
        "react": "15.x || 16.x || 17.x"
      }
    },
    "node_modules/@sentry/react/node_modules/tslib": {
      "version": "1.14.1",
      "resolved": "https://registry.npmjs.org/tslib/-/tslib-1.14.1.tgz",
      "integrity": "sha512-Xni35NKzjgMrwevysHTCArtLDpPvye8zV/0E4EyYn43P7/7qvQwPh9BGkHewbMulVntbigmcT7rdX3BNo9wRJg=="
    },
    "node_modules/@sentry/types": {
      "version": "6.17.4",
      "resolved": "https://registry.npmjs.org/@sentry/types/-/types-6.17.4.tgz",
      "integrity": "sha512-RUyiXCKf61k2GIMP7FQX0naoSew4zLxe+UrtbjwVcWU4AFPZfH7tLNtTpVE85zAKbxsaiq3OD2FPtTZarHcwxQ==",
      "engines": {
        "node": ">=6"
      }
    },
    "node_modules/@sentry/utils": {
      "version": "6.17.4",
      "resolved": "https://registry.npmjs.org/@sentry/utils/-/utils-6.17.4.tgz",
      "integrity": "sha512-+ENzZbrlVL1JJ+FoK2EOS27nbA/yToeaJPFlyVOnbthUxVyN3TTi9Uzn9F05fIE/2BTkOEk89wPtgcHafgrD6A==",
      "dependencies": {
        "@sentry/types": "6.17.4",
        "tslib": "^1.9.3"
      },
      "engines": {
        "node": ">=6"
      }
    },
    "node_modules/@sentry/utils/node_modules/tslib": {
      "version": "1.14.1",
      "resolved": "https://registry.npmjs.org/tslib/-/tslib-1.14.1.tgz",
      "integrity": "sha512-Xni35NKzjgMrwevysHTCArtLDpPvye8zV/0E4EyYn43P7/7qvQwPh9BGkHewbMulVntbigmcT7rdX3BNo9wRJg=="
    },
    "node_modules/@types/asn1js": {
      "version": "2.0.2",
      "resolved": "https://registry.npmjs.org/@types/asn1js/-/asn1js-2.0.2.tgz",
      "integrity": "sha512-t4YHCgtD+ERvH0FyxvNlYwJ2ezhqw7t+Ygh4urQ7dJER8i185JPv6oIM3ey5YQmGN6Zp9EMbpohkjZi9t3UxwA=="
    },
    "node_modules/asn1js": {
      "version": "2.2.0",
      "resolved": "https://registry.npmjs.org/asn1js/-/asn1js-2.2.0.tgz",
      "integrity": "sha512-oagLNqpfNv7CvmyMoexMDNyVDSiq1rya0AEUgcLlNHdHgNl6U/hi8xY370n5y+ZIFEXOx0J4B1qF2NDjMRxklA==",
      "dependencies": {
        "pvutils": "latest"
      },
      "engines": {
        "node": ">=6.0.0"
      }
    },
    "node_modules/asn1js/node_modules/pvutils": {
      "version": "1.1.2",
      "resolved": "https://registry.npmjs.org/pvutils/-/pvutils-1.1.2.tgz",
      "integrity": "sha512-wlo0BUInyP+ZgBJHV8PnJW8S2HubdQfMMip8B9yXr9aFlauJFuF1jZ/RWFmzGYitC7GxkxqXdwbY9/R97v+Cqg==",
      "engines": {
        "node": ">=6.0.0"
      }
    },
    "node_modules/babel-polyfill": {
      "version": "6.26.0",
      "resolved": "https://registry.npmjs.org/babel-polyfill/-/babel-polyfill-6.26.0.tgz",
      "integrity": "sha1-N5k3q8Z9eJWXCtxiHyhM2WbPIVM=",
      "dev": true,
      "dependencies": {
        "babel-runtime": "^6.26.0",
        "core-js": "^2.5.0",
        "regenerator-runtime": "^0.10.5"
      }
    },
    "node_modules/babel-polyfill/node_modules/core-js": {
      "version": "2.6.12",
      "resolved": "https://registry.npmjs.org/core-js/-/core-js-2.6.12.tgz",
      "integrity": "sha512-Kb2wC0fvsWfQrgk8HU5lW6U/Lcs8+9aaYcy4ZFc6DDlo4nZ7n70dEgE5rtR0oG6ufKDUnrwfWL1mXR5ljDatrQ==",
      "deprecated": "core-js@<3.4 is no longer maintained and not recommended for usage due to the number of issues. Because of the V8 engine whims, feature detection in old core-js versions could cause a slowdown up to 100x even if nothing is polyfilled. Please, upgrade your dependencies to the actual version of core-js.",
      "dev": true,
      "hasInstallScript": true
    },
    "node_modules/babel-polyfill/node_modules/regenerator-runtime": {
      "version": "0.10.5",
      "resolved": "https://registry.npmjs.org/regenerator-runtime/-/regenerator-runtime-0.10.5.tgz",
      "integrity": "sha1-M2w+/BIgrc7dosn6tntaeVWjNlg=",
      "dev": true
    },
    "node_modules/babel-runtime": {
      "version": "6.26.0",
      "resolved": "https://registry.npmjs.org/babel-runtime/-/babel-runtime-6.26.0.tgz",
      "integrity": "sha1-llxwWGaOgrVde/4E/yM3vItWR/4=",
      "dev": true,
      "dependencies": {
        "core-js": "^2.4.0",
        "regenerator-runtime": "^0.11.0"
      }
    },
    "node_modules/babel-runtime/node_modules/core-js": {
      "version": "2.6.12",
      "resolved": "https://registry.npmjs.org/core-js/-/core-js-2.6.12.tgz",
      "integrity": "sha512-Kb2wC0fvsWfQrgk8HU5lW6U/Lcs8+9aaYcy4ZFc6DDlo4nZ7n70dEgE5rtR0oG6ufKDUnrwfWL1mXR5ljDatrQ==",
      "deprecated": "core-js@<3.4 is no longer maintained and not recommended for usage due to the number of issues. Because of the V8 engine whims, feature detection in old core-js versions could cause a slowdown up to 100x even if nothing is polyfilled. Please, upgrade your dependencies to the actual version of core-js.",
      "dev": true,
      "hasInstallScript": true
    },
    "node_modules/babel-runtime/node_modules/regenerator-runtime": {
      "version": "0.11.1",
      "resolved": "https://registry.npmjs.org/regenerator-runtime/-/regenerator-runtime-0.11.1.tgz",
      "integrity": "sha512-MguG95oij0fC3QV3URf4V2SDYGJhJnJGqvIIgdECeODCT98wSWDAJ94SSuVpYQUoTcGUIL6L4yNB7j1DFFHSBg==",
      "dev": true
    },
    "node_modules/bytes-iec": {
      "version": "3.1.1",
      "resolved": "https://registry.npmjs.org/bytes-iec/-/bytes-iec-3.1.1.tgz",
      "integrity": "sha512-fey6+4jDK7TFtFg/klGSvNKJctyU7n2aQdnM+CO0ruLPbqqMOM8Tio0Pc+deqUeVKX1tL5DQep1zQ7+37aTAsA==",
      "engines": {
        "node": ">= 0.8"
      }
    },
    "node_modules/core-js": {
      "version": "3.21.1",
      "resolved": "https://registry.npmjs.org/core-js/-/core-js-3.21.1.tgz",
      "integrity": "sha512-FRq5b/VMrWlrmCzwRrpDYNxyHP9BcAZC+xHJaqTgIE5091ZV1NTmyh0sGOg5XqpnHvR0svdy0sv1gWA1zmhxig==",
      "hasInstallScript": true,
      "funding": {
        "type": "opencollective",
        "url": "https://opencollective.com/core-js"
      }
    },
    "node_modules/cronstrue": {
      "version": "1.123.0",
      "resolved": "https://registry.npmjs.org/cronstrue/-/cronstrue-1.123.0.tgz",
      "integrity": "sha512-hVu9yNYRYr+jj5KET1p7FaBxFwtCHM1ByffP9lZ6yJ6p53u4VEmzH8117v9PUydxWNzc8Eq+sCZEzsKcB3ckiA=="
    },
    "node_modules/didyoumean": {
      "version": "1.2.2",
      "resolved": "https://registry.npmjs.org/didyoumean/-/didyoumean-1.2.2.tgz",
      "integrity": "sha512-gxtyfqMg7GKyhQmb056K7M3xszy/myH8w+B4RT+QXBQsvAOdc3XymqDDPHx1BgPgsdAA5SIifona89YtRATDzw=="
    },
    "node_modules/dompurify": {
      "version": "2.3.5",
      "resolved": "https://registry.npmjs.org/dompurify/-/dompurify-2.3.5.tgz",
      "integrity": "sha512-kD+f8qEaa42+mjdOpKeztu9Mfx5bv9gVLO6K9jRx4uGvh6Wv06Srn4jr1wPNY2OOUGGSKHNFN+A8MA3v0E0QAQ=="
    },
    "node_modules/fn-name": {
      "version": "3.0.0",
      "resolved": "https://registry.npmjs.org/fn-name/-/fn-name-3.0.0.tgz",
      "integrity": "sha512-eNMNr5exLoavuAMhIUVsOKF79SWd/zG104ef6sxBTSw+cZc6BXdQXDvYcGvp0VbxVVSp1XDUNoz7mg1xMtSznA==",
      "engines": {
        "node": ">=8"
      }
    },
    "node_modules/hoist-non-react-statics": {
      "version": "3.3.2",
      "resolved": "https://registry.npmjs.org/hoist-non-react-statics/-/hoist-non-react-statics-3.3.2.tgz",
      "integrity": "sha512-/gGivxi8JPKWNm/W0jSmzcMPpfpPLc3dY/6GxhX2hQ9iGj3aDfklV4ET7NjKpSinLpJ5vafa9iiGIEZg10SfBw==",
      "dependencies": {
        "react-is": "^16.7.0"
      }
    },
    "node_modules/ipaddr.js": {
      "version": "2.0.1",
      "resolved": "https://registry.npmjs.org/ipaddr.js/-/ipaddr.js-2.0.1.tgz",
      "integrity": "sha512-1qTgH9NG+IIJ4yfKs2e6Pp1bZg8wbDbKHT21HrLIeYBTRLgMYKnMTPAuI3Lcs61nfx5h1xlXnbJtH1kX5/d/ng==",
      "engines": {
        "node": ">= 10"
      }
    },
    "node_modules/lodash": {
      "version": "4.17.21",
      "resolved": "https://registry.npmjs.org/lodash/-/lodash-4.17.21.tgz",
      "integrity": "sha512-v2kDEe57lecTulaDIuNTPy3Ry4gLGJ6Z1O3vE1krgXZNrsQ+LFTGHVxVjcXPs17LhbZVGedAJv8XZ1tvj5FvSg=="
    },
    "node_modules/lodash-es": {
      "version": "4.17.21",
      "resolved": "https://registry.npmjs.org/lodash-es/-/lodash-es-4.17.21.tgz",
      "integrity": "sha512-mKnC+QJ9pWVzv+C4/U3rRsHapFfHvQFoFB92e52xeyGMcX6/OlIl78je1u8vePzYZSkkogMPJ2yjxxsb89cxyw=="
    },
    "node_modules/pako": {
      "version": "2.0.4",
      "resolved": "https://registry.npmjs.org/pako/-/pako-2.0.4.tgz",
      "integrity": "sha512-v8tweI900AUkZN6heMU/4Uy4cXRc2AYNRggVmTR+dEncawDJgCdLMximOVA2p4qO57WMynangsfGRb5WD6L1Bg=="
    },
    "node_modules/property-expr": {
      "version": "2.0.5",
      "resolved": "https://registry.npmjs.org/property-expr/-/property-expr-2.0.5.tgz",
      "integrity": "sha512-IJUkICM5dP5znhCckHSv30Q4b5/JA5enCtkRHYaOVOAocnH/1BQEYTC5NMfT3AVl/iXKdr3aqQbQn9DxyWknwA=="
    },
    "node_modules/pvtsutils": {
      "version": "1.2.1",
      "resolved": "https://registry.npmjs.org/pvtsutils/-/pvtsutils-1.2.1.tgz",
      "integrity": "sha512-Q867jEr30lBR2YSFFLZ0/XsEvpweqH6Kj096wmlRAFXrdRGPCNq2iz9B5Tk085EZ+OBZyYAVA5UhPkjSHGrUzQ==",
      "dependencies": {
        "tslib": "^2.3.1"
      }
    },
    "node_modules/react": {
      "resolved": "../node_modules/react",
      "link": true
    },
    "node_modules/react-hook-form": {
      "version": "6.15.8",
      "resolved": "https://registry.npmjs.org/react-hook-form/-/react-hook-form-6.15.8.tgz",
      "integrity": "sha512-prq82ofMbnRyj5wqDe8hsTRcdR25jQ+B8KtCS7BLCzjFHAwNuCjRwzPuP4eYLsEBjEIeYd6try+pdLdw0kPkpg==",
      "peerDependencies": {
        "react": "^16.8.0 || ^17"
      }
    },
    "node_modules/react-is": {
      "version": "16.13.1",
      "resolved": "https://registry.npmjs.org/react-is/-/react-is-16.13.1.tgz",
      "integrity": "sha512-24e6ynE2H+OKt4kqsOvNd8kBpV65zoxbA4BVsEOB3ARVWQki/DHzaUoC5KuON/BiccDaCCTZBuOcfZs70kR8bQ=="
    },
    "node_modules/reflect-metadata": {
      "version": "0.1.13",
      "resolved": "https://registry.npmjs.org/reflect-metadata/-/reflect-metadata-0.1.13.tgz",
      "integrity": "sha512-Ts1Y/anZELhSsjMcU605fU9RE4Oi3p5ORujwbIKXfWa+0Zxs510Qrmrce5/Jowq3cHSZSJqBjypxmHarc+vEWg=="
    },
    "node_modules/regenerator-runtime": {
      "version": "0.13.9",
      "resolved": "https://registry.npmjs.org/regenerator-runtime/-/regenerator-runtime-0.13.9.tgz",
      "integrity": "sha512-p3VT+cOEgxFsRRA9X4lkI1E+k2/CtnKtU4gcxyaCUreilL/vqI6CdZ3wxVUx3UOUg+gnUOQQcRI7BmSI656MYA=="
    },
    "node_modules/synchronous-promise": {
      "version": "2.0.15",
      "resolved": "https://registry.npmjs.org/synchronous-promise/-/synchronous-promise-2.0.15.tgz",
      "integrity": "sha512-k8uzYIkIVwmT+TcglpdN50pS2y1BDcUnBPK9iJeGu0Pl1lOI8pD6wtzgw91Pjpe+RxtTncw32tLxs/R0yNL2Mg=="
    },
    "node_modules/toposort": {
      "version": "2.0.2",
      "resolved": "https://registry.npmjs.org/toposort/-/toposort-2.0.2.tgz",
      "integrity": "sha1-riF2gXXRVZ1IvvNUILL0li8JwzA="
    },
    "node_modules/tslib": {
      "version": "2.3.1",
      "resolved": "https://registry.npmjs.org/tslib/-/tslib-2.3.1.tgz",
      "integrity": "sha512-77EbyPPpMz+FRFRuAFlWMtmgUWGe9UOG2Z25NqCwiIjRhOf5iKGuzSe5P2w1laq+FkRy4p+PCuVkJSGkzTEKVw=="
    },
    "node_modules/tsyringe": {
      "version": "4.6.0",
      "resolved": "https://registry.npmjs.org/tsyringe/-/tsyringe-4.6.0.tgz",
      "integrity": "sha512-BMQAZamSfEmIQzH8WJeRu1yZGQbPSDuI9g+yEiKZFIcO46GPZuMOC2d0b52cVBdw1d++06JnDSIIZvEnogMdAw==",
      "dependencies": {
        "tslib": "^1.9.3"
      },
      "engines": {
        "node": ">= 6.0.0"
      }
    },
    "node_modules/tsyringe/node_modules/tslib": {
      "version": "1.14.1",
      "resolved": "https://registry.npmjs.org/tslib/-/tslib-1.14.1.tgz",
      "integrity": "sha512-Xni35NKzjgMrwevysHTCArtLDpPvye8zV/0E4EyYn43P7/7qvQwPh9BGkHewbMulVntbigmcT7rdX3BNo9wRJg=="
    },
    "node_modules/use-debounce": {
      "version": "7.0.1",
      "resolved": "https://registry.npmjs.org/use-debounce/-/use-debounce-7.0.1.tgz",
      "integrity": "sha512-fOrzIw2wstbAJuv8PC9Vg4XgwyTLEOdq4y/Z3IhVl8DAE4svRcgyEUvrEXu+BMNgMoc3YND6qLT61kkgEKXh7Q==",
      "engines": {
        "node": ">= 10.0.0"
      },
      "peerDependencies": {
        "react": ">=16.8.0"
      }
    },
    "node_modules/yup": {
      "version": "0.28.5",
      "resolved": "https://registry.npmjs.org/yup/-/yup-0.28.5.tgz",
      "integrity": "sha512-7JZcvpUGUxMKoaEtcoMEM8lCWRaueGNH/A3EhL/UWqfbFm3uloiI+x59Yq4nzhbbYWUTwAsCteaZOJ+VbqI1uw==",
      "dependencies": {
        "@babel/runtime": "^7.9.6",
        "fn-name": "~3.0.0",
        "lodash": "^4.17.15",
        "lodash-es": "^4.17.11",
        "property-expr": "^2.0.2",
        "synchronous-promise": "^2.0.10",
        "toposort": "^2.0.2"
      }
    }
  },
  "dependencies": {
    "@babel/runtime": {
      "version": "7.17.0",
      "resolved": "https://registry.npmjs.org/@babel/runtime/-/runtime-7.17.0.tgz",
      "integrity": "sha512-etcO/ohMNaNA2UBdaXBBSX/3aEzFMRrVfaPv8Ptc0k+cWpWW0QFiGZ2XnVqQZI1Cf734LbPGmqBKWESfW4x/dQ==",
      "requires": {
        "regenerator-runtime": "^0.13.4"
      }
    },
    "@datasert/cronjs-parser": {
      "version": "1.2.0",
      "resolved": "https://registry.npmjs.org/@datasert/cronjs-parser/-/cronjs-parser-1.2.0.tgz",
      "integrity": "sha512-7kzYh7F5V3ElX+k3W9w6SKS6WdjqJQ2gIY1y0evldnjAwZxnFzR/Yu9Mv9OeDaCQX+mGAq2MvEnJbwu9oj3CXQ=="
    },
    "@peculiar/asn1-cms": {
      "version": "2.0.44",
      "resolved": "https://registry.npmjs.org/@peculiar/asn1-cms/-/asn1-cms-2.0.44.tgz",
      "integrity": "sha512-CzjCz8VZqG2jqRI/4YKCk3D9WS8V9cezt0tftWT5zmYxeZvAWOmtInj013zSooHEn1Oi65rzdDZ1m+wgascmiw==",
      "requires": {
        "@peculiar/asn1-schema": "^2.0.44",
        "@peculiar/asn1-x509": "^2.0.44",
        "@peculiar/asn1-x509-attr": "^2.0.44",
        "asn1js": "^2.1.1",
        "tslib": "^2.3.0"
      }
    },
    "@peculiar/asn1-csr": {
      "version": "2.0.44",
      "resolved": "https://registry.npmjs.org/@peculiar/asn1-csr/-/asn1-csr-2.0.44.tgz",
      "integrity": "sha512-9FG9ySzLyYIlk/W3o/mpE+ukn/XMokv+BysqyhNGifUet362slp+uF4XliKGLt53TO53uYCsQimVyTK4vwe/yg==",
      "requires": {
        "@peculiar/asn1-schema": "^2.0.44",
        "@peculiar/asn1-x509": "^2.0.44",
        "asn1js": "^2.1.1",
        "tslib": "^2.3.0"
      }
    },
    "@peculiar/asn1-ecc": {
      "version": "2.0.44",
      "resolved": "https://registry.npmjs.org/@peculiar/asn1-ecc/-/asn1-ecc-2.0.44.tgz",
      "integrity": "sha512-GvfifE5xCZjEz9EsOl9gqTVgex9m7ATLloTaSE3Go+iG8bc7C/VDK8lOnFb3/UsCqfI46Gwh4Q3RQCP2JB3GDQ==",
      "requires": {
        "@peculiar/asn1-schema": "^2.0.44",
        "@peculiar/asn1-x509": "^2.0.44",
        "asn1js": "^2.1.1",
        "tslib": "^2.3.0"
      }
    },
    "@peculiar/asn1-pfx": {
      "version": "2.0.44",
      "resolved": "https://registry.npmjs.org/@peculiar/asn1-pfx/-/asn1-pfx-2.0.44.tgz",
      "integrity": "sha512-rVsGoZWMtensS9+AEtU97cImHXEu+Oi6K31/EzzzdqfUx/aF49RYCVKOyuCjUg5cwIOE93WsNm0hQFYB2pYwVQ==",
      "requires": {
        "@peculiar/asn1-cms": "^2.0.44",
        "@peculiar/asn1-pkcs8": "^2.0.44",
        "@peculiar/asn1-rsa": "^2.0.44",
        "@peculiar/asn1-schema": "^2.0.44",
        "asn1js": "^2.1.1",
        "tslib": "^2.3.0"
      }
    },
    "@peculiar/asn1-pkcs8": {
      "version": "2.0.44",
      "resolved": "https://registry.npmjs.org/@peculiar/asn1-pkcs8/-/asn1-pkcs8-2.0.44.tgz",
      "integrity": "sha512-cs/zGEv/6Jxx14tZ6NS82PNJFMCb4aFOiAFzv+I1I1ud7o5wyDGOOAIiIs4vI+Z6xtkoSyF+hWH51kRutdFV4A==",
      "requires": {
        "@peculiar/asn1-schema": "^2.0.44",
        "@peculiar/asn1-x509": "^2.0.44",
        "asn1js": "^2.1.1",
        "tslib": "^2.3.0"
      }
    },
    "@peculiar/asn1-pkcs9": {
      "version": "2.0.44",
      "resolved": "https://registry.npmjs.org/@peculiar/asn1-pkcs9/-/asn1-pkcs9-2.0.44.tgz",
      "integrity": "sha512-b54VRWsM5NdIOlSuBbfBeximwVQIHcUoUdx10mHM6QuvZlXKciVP/nkerxg0ytQzC5BvPbohfYuiq46gYCPZSA==",
      "requires": {
        "@peculiar/asn1-cms": "^2.0.44",
        "@peculiar/asn1-pfx": "^2.0.44",
        "@peculiar/asn1-pkcs8": "^2.0.44",
        "@peculiar/asn1-schema": "^2.0.44",
        "@peculiar/asn1-x509": "^2.0.44",
        "@peculiar/asn1-x509-attr": "^2.0.44",
        "asn1js": "^2.1.1",
        "tslib": "^2.3.0"
      }
    },
    "@peculiar/asn1-rsa": {
      "version": "2.0.44",
      "resolved": "https://registry.npmjs.org/@peculiar/asn1-rsa/-/asn1-rsa-2.0.44.tgz",
      "integrity": "sha512-DYfo33Yl3y4Bu8V0RrAhKBZJDy1ESEGQzKVl7DxCUJna164/U/JB767W9ze0Vlq7quTawUJLMX3RRfesEFGigA==",
      "requires": {
        "@peculiar/asn1-schema": "^2.0.44",
        "@peculiar/asn1-x509": "^2.0.44",
        "asn1js": "^2.1.1",
        "tslib": "^2.3.0"
      }
    },
    "@peculiar/asn1-schema": {
      "version": "2.0.44",
      "resolved": "https://registry.npmjs.org/@peculiar/asn1-schema/-/asn1-schema-2.0.44.tgz",
      "integrity": "sha512-uaCnjQ9A9WwQSMuDJcNOCYEPXTahgKbFMvI7eMOMd8lXgx0J1eU7F3BoMsK5PFxa3dVUxjSQbaOjfgGoeHGgoQ==",
      "requires": {
        "@types/asn1js": "^2.0.2",
        "asn1js": "^2.1.1",
        "pvtsutils": "^1.2.1",
        "tslib": "^2.3.0"
      }
    },
    "@peculiar/asn1-x509": {
      "version": "2.0.44",
      "resolved": "https://registry.npmjs.org/@peculiar/asn1-x509/-/asn1-x509-2.0.44.tgz",
      "integrity": "sha512-jKGy+7Ew1PADjzInblBaQWVdh9kTiy49lkTko/MiYg5lHyCi/N9xPtQCuincpY1UeNPwXaeoT2DXRJOuN6U/8A==",
      "requires": {
        "@peculiar/asn1-schema": "^2.0.44",
        "asn1js": "^2.1.1",
        "ipaddr.js": "^2.0.1",
        "pvtsutils": "^1.2.1",
        "tslib": "^2.3.0"
      }
    },
    "@peculiar/asn1-x509-attr": {
      "version": "2.0.44",
      "resolved": "https://registry.npmjs.org/@peculiar/asn1-x509-attr/-/asn1-x509-attr-2.0.44.tgz",
      "integrity": "sha512-mYyf1fMT1JVrmPInjqVC3O2Vm3LBm7sd75Mg2hKB0A/zPKIYZ5WRz396lliucHagg17PalMjDOxtIQFOqs1WGg==",
      "requires": {
        "@peculiar/asn1-schema": "^2.0.44",
        "@peculiar/asn1-x509": "^2.0.44",
        "asn1js": "^2.1.1",
        "tslib": "^2.3.0"
      }
    },
    "@peculiar/x509": {
      "version": "1.6.1",
      "resolved": "https://registry.npmjs.org/@peculiar/x509/-/x509-1.6.1.tgz",
      "integrity": "sha512-C4oxpCuYasfjuhy6QRFJhs0R6gyeQSRsB7MsT6JkO3qaFi4b75mm8hNEKa+sIJPtTjXCC94tW9rHx1hw5dOvnQ==",
      "requires": {
        "@peculiar/asn1-cms": "^2.0.44",
        "@peculiar/asn1-csr": "^2.0.44",
        "@peculiar/asn1-ecc": "^2.0.44",
        "@peculiar/asn1-pkcs9": "^2.0.44",
        "@peculiar/asn1-rsa": "^2.0.44",
        "@peculiar/asn1-schema": "^2.0.44",
        "@peculiar/asn1-x509": "^2.0.44",
        "pvtsutils": "^1.2.1",
        "reflect-metadata": "^0.1.13",
        "tslib": "^2.3.1",
        "tsyringe": "^4.6.0"
      }
    },
    "@sentry/browser": {
      "version": "6.17.4",
      "resolved": "https://registry.npmjs.org/@sentry/browser/-/browser-6.17.4.tgz",
      "integrity": "sha512-ezLZ/FP2ZJPPemzGKMiu8RCHvuRYfDYXbkQb9KhUbpylJokL4GSRZHy8EYkcHugnvAiov7p8cdj7QgOZQPDAgw==",
      "requires": {
        "@sentry/core": "6.17.4",
        "@sentry/types": "6.17.4",
        "@sentry/utils": "6.17.4",
        "tslib": "^1.9.3"
      },
      "dependencies": {
        "tslib": {
          "version": "1.14.1",
          "resolved": "https://registry.npmjs.org/tslib/-/tslib-1.14.1.tgz",
          "integrity": "sha512-Xni35NKzjgMrwevysHTCArtLDpPvye8zV/0E4EyYn43P7/7qvQwPh9BGkHewbMulVntbigmcT7rdX3BNo9wRJg=="
        }
      }
    },
    "@sentry/core": {
      "version": "6.17.4",
      "resolved": "https://registry.npmjs.org/@sentry/core/-/core-6.17.4.tgz",
      "integrity": "sha512-7QFgw+I9YK/X1Gie0c7phwT5pHMow66UCXHzDzHR2aK/0X3Lhn8OWlcGjIt5zmiBK/LHwNfQBNMskbktbYHgdA==",
      "requires": {
        "@sentry/hub": "6.17.4",
        "@sentry/minimal": "6.17.4",
        "@sentry/types": "6.17.4",
        "@sentry/utils": "6.17.4",
        "tslib": "^1.9.3"
      },
      "dependencies": {
        "tslib": {
          "version": "1.14.1",
          "resolved": "https://registry.npmjs.org/tslib/-/tslib-1.14.1.tgz",
          "integrity": "sha512-Xni35NKzjgMrwevysHTCArtLDpPvye8zV/0E4EyYn43P7/7qvQwPh9BGkHewbMulVntbigmcT7rdX3BNo9wRJg=="
        }
      }
    },
    "@sentry/hub": {
      "version": "6.17.4",
      "resolved": "https://registry.npmjs.org/@sentry/hub/-/hub-6.17.4.tgz",
      "integrity": "sha512-6+EvPcrPCwUmayeieIpm1ZrRNWriqMHWZFyw+MzunFLgG8IH8G45cJU1zNnTY9Jwwg4sFIS9xrHy3AOkctnIGw==",
      "requires": {
        "@sentry/types": "6.17.4",
        "@sentry/utils": "6.17.4",
        "tslib": "^1.9.3"
      },
      "dependencies": {
        "tslib": {
          "version": "1.14.1",
          "resolved": "https://registry.npmjs.org/tslib/-/tslib-1.14.1.tgz",
          "integrity": "sha512-Xni35NKzjgMrwevysHTCArtLDpPvye8zV/0E4EyYn43P7/7qvQwPh9BGkHewbMulVntbigmcT7rdX3BNo9wRJg=="
        }
      }
    },
    "@sentry/minimal": {
      "version": "6.17.4",
      "resolved": "https://registry.npmjs.org/@sentry/minimal/-/minimal-6.17.4.tgz",
      "integrity": "sha512-p1A8UTtRt7bhV4ygu7yDNCannFr9E9dmqgeZWC7HrrTfygcnhNRFvTXTj92wEb0bFKuZr67wPSKnoXlkqkGxsw==",
      "requires": {
        "@sentry/hub": "6.17.4",
        "@sentry/types": "6.17.4",
        "tslib": "^1.9.3"
      },
      "dependencies": {
        "tslib": {
          "version": "1.14.1",
          "resolved": "https://registry.npmjs.org/tslib/-/tslib-1.14.1.tgz",
          "integrity": "sha512-Xni35NKzjgMrwevysHTCArtLDpPvye8zV/0E4EyYn43P7/7qvQwPh9BGkHewbMulVntbigmcT7rdX3BNo9wRJg=="
        }
      }
    },
    "@sentry/react": {
      "version": "6.17.4",
      "resolved": "https://registry.npmjs.org/@sentry/react/-/react-6.17.4.tgz",
      "integrity": "sha512-MNS207wkjhUOLmbqvvtObLwTmT0+lBT0r9IAC1rSyzfrlS3teUEn36ycg0wP7S32VDkqM8kic6yQHCzCIAvj8A==",
      "requires": {
        "@sentry/browser": "6.17.4",
        "@sentry/minimal": "6.17.4",
        "@sentry/types": "6.17.4",
        "@sentry/utils": "6.17.4",
        "hoist-non-react-statics": "^3.3.2",
        "tslib": "^1.9.3"
      },
      "dependencies": {
        "tslib": {
          "version": "1.14.1",
          "resolved": "https://registry.npmjs.org/tslib/-/tslib-1.14.1.tgz",
          "integrity": "sha512-Xni35NKzjgMrwevysHTCArtLDpPvye8zV/0E4EyYn43P7/7qvQwPh9BGkHewbMulVntbigmcT7rdX3BNo9wRJg=="
        }
      }
    },
    "@sentry/types": {
      "version": "6.17.4",
      "resolved": "https://registry.npmjs.org/@sentry/types/-/types-6.17.4.tgz",
      "integrity": "sha512-RUyiXCKf61k2GIMP7FQX0naoSew4zLxe+UrtbjwVcWU4AFPZfH7tLNtTpVE85zAKbxsaiq3OD2FPtTZarHcwxQ=="
    },
    "@sentry/utils": {
      "version": "6.17.4",
      "resolved": "https://registry.npmjs.org/@sentry/utils/-/utils-6.17.4.tgz",
      "integrity": "sha512-+ENzZbrlVL1JJ+FoK2EOS27nbA/yToeaJPFlyVOnbthUxVyN3TTi9Uzn9F05fIE/2BTkOEk89wPtgcHafgrD6A==",
      "requires": {
        "@sentry/types": "6.17.4",
        "tslib": "^1.9.3"
      },
      "dependencies": {
        "tslib": {
          "version": "1.14.1",
          "resolved": "https://registry.npmjs.org/tslib/-/tslib-1.14.1.tgz",
          "integrity": "sha512-Xni35NKzjgMrwevysHTCArtLDpPvye8zV/0E4EyYn43P7/7qvQwPh9BGkHewbMulVntbigmcT7rdX3BNo9wRJg=="
        }
      }
    },
    "@types/asn1js": {
      "version": "2.0.2",
      "resolved": "https://registry.npmjs.org/@types/asn1js/-/asn1js-2.0.2.tgz",
      "integrity": "sha512-t4YHCgtD+ERvH0FyxvNlYwJ2ezhqw7t+Ygh4urQ7dJER8i185JPv6oIM3ey5YQmGN6Zp9EMbpohkjZi9t3UxwA=="
    },
    "asn1js": {
      "version": "2.2.0",
      "resolved": "https://registry.npmjs.org/asn1js/-/asn1js-2.2.0.tgz",
      "integrity": "sha512-oagLNqpfNv7CvmyMoexMDNyVDSiq1rya0AEUgcLlNHdHgNl6U/hi8xY370n5y+ZIFEXOx0J4B1qF2NDjMRxklA==",
      "requires": {
        "pvutils": "latest"
      },
      "dependencies": {
        "pvutils": {
          "version": "1.1.2",
          "resolved": "https://registry.npmjs.org/pvutils/-/pvutils-1.1.2.tgz",
          "integrity": "sha512-wlo0BUInyP+ZgBJHV8PnJW8S2HubdQfMMip8B9yXr9aFlauJFuF1jZ/RWFmzGYitC7GxkxqXdwbY9/R97v+Cqg=="
        }
      }
    },
    "babel-polyfill": {
      "version": "6.26.0",
      "resolved": "https://registry.npmjs.org/babel-polyfill/-/babel-polyfill-6.26.0.tgz",
      "integrity": "sha1-N5k3q8Z9eJWXCtxiHyhM2WbPIVM=",
      "dev": true,
      "requires": {
        "babel-runtime": "^6.26.0",
        "core-js": "^2.5.0",
        "regenerator-runtime": "^0.10.5"
      },
      "dependencies": {
        "core-js": {
          "version": "2.6.12",
          "resolved": "https://registry.npmjs.org/core-js/-/core-js-2.6.12.tgz",
          "integrity": "sha512-Kb2wC0fvsWfQrgk8HU5lW6U/Lcs8+9aaYcy4ZFc6DDlo4nZ7n70dEgE5rtR0oG6ufKDUnrwfWL1mXR5ljDatrQ==",
          "dev": true
        },
        "regenerator-runtime": {
          "version": "0.10.5",
          "resolved": "https://registry.npmjs.org/regenerator-runtime/-/regenerator-runtime-0.10.5.tgz",
          "integrity": "sha1-M2w+/BIgrc7dosn6tntaeVWjNlg=",
          "dev": true
        }
      }
    },
    "babel-runtime": {
      "version": "6.26.0",
      "resolved": "https://registry.npmjs.org/babel-runtime/-/babel-runtime-6.26.0.tgz",
      "integrity": "sha1-llxwWGaOgrVde/4E/yM3vItWR/4=",
      "dev": true,
      "requires": {
        "core-js": "^2.4.0",
        "regenerator-runtime": "^0.11.0"
      },
      "dependencies": {
        "core-js": {
          "version": "2.6.12",
          "resolved": "https://registry.npmjs.org/core-js/-/core-js-2.6.12.tgz",
          "integrity": "sha512-Kb2wC0fvsWfQrgk8HU5lW6U/Lcs8+9aaYcy4ZFc6DDlo4nZ7n70dEgE5rtR0oG6ufKDUnrwfWL1mXR5ljDatrQ==",
          "dev": true
        },
        "regenerator-runtime": {
          "version": "0.11.1",
          "resolved": "https://registry.npmjs.org/regenerator-runtime/-/regenerator-runtime-0.11.1.tgz",
          "integrity": "sha512-MguG95oij0fC3QV3URf4V2SDYGJhJnJGqvIIgdECeODCT98wSWDAJ94SSuVpYQUoTcGUIL6L4yNB7j1DFFHSBg==",
          "dev": true
        }
      }
    },
    "bytes-iec": {
      "version": "3.1.1",
      "resolved": "https://registry.npmjs.org/bytes-iec/-/bytes-iec-3.1.1.tgz",
      "integrity": "sha512-fey6+4jDK7TFtFg/klGSvNKJctyU7n2aQdnM+CO0ruLPbqqMOM8Tio0Pc+deqUeVKX1tL5DQep1zQ7+37aTAsA=="
    },
    "core-js": {
      "version": "3.21.1",
      "resolved": "https://registry.npmjs.org/core-js/-/core-js-3.21.1.tgz",
      "integrity": "sha512-FRq5b/VMrWlrmCzwRrpDYNxyHP9BcAZC+xHJaqTgIE5091ZV1NTmyh0sGOg5XqpnHvR0svdy0sv1gWA1zmhxig=="
    },
    "cronstrue": {
      "version": "1.123.0",
      "resolved": "https://registry.npmjs.org/cronstrue/-/cronstrue-1.123.0.tgz",
      "integrity": "sha512-hVu9yNYRYr+jj5KET1p7FaBxFwtCHM1ByffP9lZ6yJ6p53u4VEmzH8117v9PUydxWNzc8Eq+sCZEzsKcB3ckiA=="
    },
    "didyoumean": {
      "version": "1.2.2",
      "resolved": "https://registry.npmjs.org/didyoumean/-/didyoumean-1.2.2.tgz",
      "integrity": "sha512-gxtyfqMg7GKyhQmb056K7M3xszy/myH8w+B4RT+QXBQsvAOdc3XymqDDPHx1BgPgsdAA5SIifona89YtRATDzw=="
    },
    "dompurify": {
      "version": "2.3.5",
      "resolved": "https://registry.npmjs.org/dompurify/-/dompurify-2.3.5.tgz",
      "integrity": "sha512-kD+f8qEaa42+mjdOpKeztu9Mfx5bv9gVLO6K9jRx4uGvh6Wv06Srn4jr1wPNY2OOUGGSKHNFN+A8MA3v0E0QAQ=="
    },
    "fn-name": {
      "version": "3.0.0",
      "resolved": "https://registry.npmjs.org/fn-name/-/fn-name-3.0.0.tgz",
      "integrity": "sha512-eNMNr5exLoavuAMhIUVsOKF79SWd/zG104ef6sxBTSw+cZc6BXdQXDvYcGvp0VbxVVSp1XDUNoz7mg1xMtSznA=="
    },
    "hoist-non-react-statics": {
      "version": "3.3.2",
      "resolved": "https://registry.npmjs.org/hoist-non-react-statics/-/hoist-non-react-statics-3.3.2.tgz",
      "integrity": "sha512-/gGivxi8JPKWNm/W0jSmzcMPpfpPLc3dY/6GxhX2hQ9iGj3aDfklV4ET7NjKpSinLpJ5vafa9iiGIEZg10SfBw==",
      "requires": {
        "react-is": "^16.7.0"
      }
    },
    "ipaddr.js": {
      "version": "2.0.1",
      "resolved": "https://registry.npmjs.org/ipaddr.js/-/ipaddr.js-2.0.1.tgz",
      "integrity": "sha512-1qTgH9NG+IIJ4yfKs2e6Pp1bZg8wbDbKHT21HrLIeYBTRLgMYKnMTPAuI3Lcs61nfx5h1xlXnbJtH1kX5/d/ng=="
    },
    "lodash": {
      "version": "4.17.21",
      "resolved": "https://registry.npmjs.org/lodash/-/lodash-4.17.21.tgz",
      "integrity": "sha512-v2kDEe57lecTulaDIuNTPy3Ry4gLGJ6Z1O3vE1krgXZNrsQ+LFTGHVxVjcXPs17LhbZVGedAJv8XZ1tvj5FvSg=="
    },
    "lodash-es": {
      "version": "4.17.21",
      "resolved": "https://registry.npmjs.org/lodash-es/-/lodash-es-4.17.21.tgz",
      "integrity": "sha512-mKnC+QJ9pWVzv+C4/U3rRsHapFfHvQFoFB92e52xeyGMcX6/OlIl78je1u8vePzYZSkkogMPJ2yjxxsb89cxyw=="
    },
    "pako": {
      "version": "2.0.4",
      "resolved": "https://registry.npmjs.org/pako/-/pako-2.0.4.tgz",
      "integrity": "sha512-v8tweI900AUkZN6heMU/4Uy4cXRc2AYNRggVmTR+dEncawDJgCdLMximOVA2p4qO57WMynangsfGRb5WD6L1Bg=="
    },
    "property-expr": {
      "version": "2.0.5",
      "resolved": "https://registry.npmjs.org/property-expr/-/property-expr-2.0.5.tgz",
      "integrity": "sha512-IJUkICM5dP5znhCckHSv30Q4b5/JA5enCtkRHYaOVOAocnH/1BQEYTC5NMfT3AVl/iXKdr3aqQbQn9DxyWknwA=="
    },
    "pvtsutils": {
      "version": "1.2.1",
      "resolved": "https://registry.npmjs.org/pvtsutils/-/pvtsutils-1.2.1.tgz",
      "integrity": "sha512-Q867jEr30lBR2YSFFLZ0/XsEvpweqH6Kj096wmlRAFXrdRGPCNq2iz9B5Tk085EZ+OBZyYAVA5UhPkjSHGrUzQ==",
      "requires": {
        "tslib": "^2.3.1"
      }
    },
    "react": {
      "version": "file:../node_modules/react",
      "requires": {
        "loose-envify": "^1.1.0",
        "object-assign": "^4.1.1"
      }
    },
    "react-hook-form": {
      "version": "6.15.8",
      "resolved": "https://registry.npmjs.org/react-hook-form/-/react-hook-form-6.15.8.tgz",
      "integrity": "sha512-prq82ofMbnRyj5wqDe8hsTRcdR25jQ+B8KtCS7BLCzjFHAwNuCjRwzPuP4eYLsEBjEIeYd6try+pdLdw0kPkpg==",
      "requires": {}
    },
    "react-is": {
      "version": "16.13.1",
      "resolved": "https://registry.npmjs.org/react-is/-/react-is-16.13.1.tgz",
      "integrity": "sha512-24e6ynE2H+OKt4kqsOvNd8kBpV65zoxbA4BVsEOB3ARVWQki/DHzaUoC5KuON/BiccDaCCTZBuOcfZs70kR8bQ=="
    },
    "reflect-metadata": {
      "version": "0.1.13",
      "resolved": "https://registry.npmjs.org/reflect-metadata/-/reflect-metadata-0.1.13.tgz",
      "integrity": "sha512-Ts1Y/anZELhSsjMcU605fU9RE4Oi3p5ORujwbIKXfWa+0Zxs510Qrmrce5/Jowq3cHSZSJqBjypxmHarc+vEWg=="
    },
    "regenerator-runtime": {
      "version": "0.13.9",
      "resolved": "https://registry.npmjs.org/regenerator-runtime/-/regenerator-runtime-0.13.9.tgz",
      "integrity": "sha512-p3VT+cOEgxFsRRA9X4lkI1E+k2/CtnKtU4gcxyaCUreilL/vqI6CdZ3wxVUx3UOUg+gnUOQQcRI7BmSI656MYA=="
    },
    "synchronous-promise": {
      "version": "2.0.15",
      "resolved": "https://registry.npmjs.org/synchronous-promise/-/synchronous-promise-2.0.15.tgz",
      "integrity": "sha512-k8uzYIkIVwmT+TcglpdN50pS2y1BDcUnBPK9iJeGu0Pl1lOI8pD6wtzgw91Pjpe+RxtTncw32tLxs/R0yNL2Mg=="
    },
    "toposort": {
      "version": "2.0.2",
      "resolved": "https://registry.npmjs.org/toposort/-/toposort-2.0.2.tgz",
      "integrity": "sha1-riF2gXXRVZ1IvvNUILL0li8JwzA="
    },
    "tslib": {
      "version": "2.3.1",
      "resolved": "https://registry.npmjs.org/tslib/-/tslib-2.3.1.tgz",
      "integrity": "sha512-77EbyPPpMz+FRFRuAFlWMtmgUWGe9UOG2Z25NqCwiIjRhOf5iKGuzSe5P2w1laq+FkRy4p+PCuVkJSGkzTEKVw=="
    },
    "tsyringe": {
      "version": "4.6.0",
      "resolved": "https://registry.npmjs.org/tsyringe/-/tsyringe-4.6.0.tgz",
      "integrity": "sha512-BMQAZamSfEmIQzH8WJeRu1yZGQbPSDuI9g+yEiKZFIcO46GPZuMOC2d0b52cVBdw1d++06JnDSIIZvEnogMdAw==",
      "requires": {
        "tslib": "^1.9.3"
      },
      "dependencies": {
        "tslib": {
          "version": "1.14.1",
          "resolved": "https://registry.npmjs.org/tslib/-/tslib-1.14.1.tgz",
          "integrity": "sha512-Xni35NKzjgMrwevysHTCArtLDpPvye8zV/0E4EyYn43P7/7qvQwPh9BGkHewbMulVntbigmcT7rdX3BNo9wRJg=="
        }
      }
    },
    "use-debounce": {
      "version": "7.0.1",
      "resolved": "https://registry.npmjs.org/use-debounce/-/use-debounce-7.0.1.tgz",
      "integrity": "sha512-fOrzIw2wstbAJuv8PC9Vg4XgwyTLEOdq4y/Z3IhVl8DAE4svRcgyEUvrEXu+BMNgMoc3YND6qLT61kkgEKXh7Q==",
      "requires": {}
    },
    "yup": {
      "version": "0.28.5",
      "resolved": "https://registry.npmjs.org/yup/-/yup-0.28.5.tgz",
      "integrity": "sha512-7JZcvpUGUxMKoaEtcoMEM8lCWRaueGNH/A3EhL/UWqfbFm3uloiI+x59Yq4nzhbbYWUTwAsCteaZOJ+VbqI1uw==",
      "requires": {
        "@babel/runtime": "^7.9.6",
        "fn-name": "~3.0.0",
        "lodash": "^4.17.15",
        "lodash-es": "^4.17.11",
        "property-expr": "^2.0.2",
        "synchronous-promise": "^2.0.10",
        "toposort": "^2.0.2"
      }
    }
  }
}
